
Microsoft Visual Studio Solution File, Format Version 12.00
# Visual Studio Version 17
VisualStudioVersion = 17.4.33205.214
MinimumVisualStudioVersion = 10.0.40219.1
Project("{FAE04EC0-301F-11D3-BF4B-00C04F79EFBC}") = "T11-CD", "T11-CD.csproj", "{0BD44A91-C13A-409D-B0F0-1D0739DCB917}"
EndProject
Global
	GlobalSection(SolutionConfigurationPlatforms) = preSolution
		Debug|Any CPU = Debug|Any CPU
		Release|Any CPU = Release|Any CPU
	EndGlobalSection
	GlobalSection(ProjectConfigurationPlatforms) = postSolution
		{0BD44A91-C13A-409D-B0F0-1D0739DCB917}.Debug|Any CPU.ActiveCfg = Debug|Any CPU
		{0BD44A91-C13A-409D-B0F0-1D0739DCB917}.Debug|Any CPU.Build.0 = Debug|Any CPU
		{0BD44A91-C13A-409D-B0F0-1D0739DCB917}.Release|Any CPU.ActiveCfg = Release|Any CPU
		{0BD44A91-C13A-409D-B0F0-1D0739DCB917}.Release|Any CPU.Build.0 = Release|Any CPU
	EndGlobalSection
	GlobalSection(SolutionProperties) = preSolution
		HideSolutionNode = FALSE
	EndGlobalSection
	GlobalSection(ExtensibilityGlobals) = postSolution
		SolutionGuid = {543F5336-F552-4E87-B99F-52FAD31BBE76}
	EndGlobalSection
EndGlobal
