
Microsoft Visual Studio Solution File, Format Version 12.00
# Visual Studio Version 17
VisualStudioVersion = 17.4.33205.214
MinimumVisualStudioVersion = 10.0.40219.1
Project("{FAE04EC0-301F-11D3-BF4B-00C04F79EFBC}") = "T33-MailBookWithLambda", "T33-MailBookWithLambda.csproj", "{81DE3D97-1182-4242-86ED-5661FAF619B8}"
EndProject
Global
	GlobalSection(SolutionConfigurationPlatforms) = preSolution
		Debug|Any CPU = Debug|Any CPU
		Release|Any CPU = Release|Any CPU
	EndGlobalSection
	GlobalSection(ProjectConfigurationPlatforms) = postSolution
		{81DE3D97-1182-4242-86ED-5661FAF619B8}.Debug|Any CPU.ActiveCfg = Debug|Any CPU
		{81DE3D97-1182-4242-86ED-5661FAF619B8}.Debug|Any CPU.Build.0 = Debug|Any CPU
		{81DE3D97-1182-4242-86ED-5661FAF619B8}.Release|Any CPU.ActiveCfg = Release|Any CPU
		{81DE3D97-1182-4242-86ED-5661FAF619B8}.Release|Any CPU.Build.0 = Release|Any CPU
	EndGlobalSection
	GlobalSection(SolutionProperties) = preSolution
		HideSolutionNode = FALSE
	EndGlobalSection
	GlobalSection(ExtensibilityGlobals) = postSolution
		SolutionGuid = {641A00A2-6EA0-4C24-802E-E6986718E8F7}
	EndGlobalSection
EndGlobal
