
Microsoft Visual Studio Solution File, Format Version 12.00
# Visual Studio Version 17
VisualStudioVersion = 17.4.33205.214
MinimumVisualStudioVersion = 10.0.40219.1
Project("{FAE04EC0-301F-11D3-BF4B-00C04F79EFBC}") = "T29-Cashier", "T29-Cashier.csproj", "{1FCC2FDC-0B82-4C76-AC94-8CEF498DF710}"
EndProject
Global
	GlobalSection(SolutionConfigurationPlatforms) = preSolution
		Debug|Any CPU = Debug|Any CPU
		Release|Any CPU = Release|Any CPU
	EndGlobalSection
	GlobalSection(ProjectConfigurationPlatforms) = postSolution
		{1FCC2FDC-0B82-4C76-AC94-8CEF498DF710}.Debug|Any CPU.ActiveCfg = Debug|Any CPU
		{1FCC2FDC-0B82-4C76-AC94-8CEF498DF710}.Debug|Any CPU.Build.0 = Debug|Any CPU
		{1FCC2FDC-0B82-4C76-AC94-8CEF498DF710}.Release|Any CPU.ActiveCfg = Release|Any CPU
		{1FCC2FDC-0B82-4C76-AC94-8CEF498DF710}.Release|Any CPU.Build.0 = Release|Any CPU
	EndGlobalSection
	GlobalSection(SolutionProperties) = preSolution
		HideSolutionNode = FALSE
	EndGlobalSection
	GlobalSection(ExtensibilityGlobals) = postSolution
		SolutionGuid = {355048D5-1DAC-4652-A436-B983EE095086}
	EndGlobalSection
EndGlobal
