
Microsoft Visual Studio Solution File, Format Version 12.00
# Visual Studio Version 17
VisualStudioVersion = 17.4.33205.214
MinimumVisualStudioVersion = 10.0.40219.1
Project("{FAE04EC0-301F-11D3-BF4B-00C04F79EFBC}") = "T39-Timer", "T39-Timer.csproj", "{2DE37ACF-42A2-42C7-82F6-5778397338B5}"
EndProject
Global
	GlobalSection(SolutionConfigurationPlatforms) = preSolution
		Debug|Any CPU = Debug|Any CPU
		Release|Any CPU = Release|Any CPU
	EndGlobalSection
	GlobalSection(ProjectConfigurationPlatforms) = postSolution
		{2DE37ACF-42A2-42C7-82F6-5778397338B5}.Debug|Any CPU.ActiveCfg = Debug|Any CPU
		{2DE37ACF-42A2-42C7-82F6-5778397338B5}.Debug|Any CPU.Build.0 = Debug|Any CPU
		{2DE37ACF-42A2-42C7-82F6-5778397338B5}.Release|Any CPU.ActiveCfg = Release|Any CPU
		{2DE37ACF-42A2-42C7-82F6-5778397338B5}.Release|Any CPU.Build.0 = Release|Any CPU
	EndGlobalSection
	GlobalSection(SolutionProperties) = preSolution
		HideSolutionNode = FALSE
	EndGlobalSection
	GlobalSection(ExtensibilityGlobals) = postSolution
		SolutionGuid = {BCAFA938-CF29-4956-983F-3F842F92D554}
	EndGlobalSection
EndGlobal
