
Microsoft Visual Studio Solution File, Format Version 12.00
# Visual Studio Version 17
VisualStudioVersion = 17.4.33205.214
MinimumVisualStudioVersion = 10.0.40219.1
Project("{FAE04EC0-301F-11D3-BF4B-00C04F79EFBC}") = "T17-Radio", "T17-Radio.csproj", "{BC327747-5AD5-4E78-BDFA-235483CEBD4B}"
EndProject
Global
	GlobalSection(SolutionConfigurationPlatforms) = preSolution
		Debug|Any CPU = Debug|Any CPU
		Release|Any CPU = Release|Any CPU
	EndGlobalSection
	GlobalSection(ProjectConfigurationPlatforms) = postSolution
		{BC327747-5AD5-4E78-BDFA-235483CEBD4B}.Debug|Any CPU.ActiveCfg = Debug|Any CPU
		{BC327747-5AD5-4E78-BDFA-235483CEBD4B}.Debug|Any CPU.Build.0 = Debug|Any CPU
		{BC327747-5AD5-4E78-BDFA-235483CEBD4B}.Release|Any CPU.ActiveCfg = Release|Any CPU
		{BC327747-5AD5-4E78-BDFA-235483CEBD4B}.Release|Any CPU.Build.0 = Release|Any CPU
	EndGlobalSection
	GlobalSection(SolutionProperties) = preSolution
		HideSolutionNode = FALSE
	EndGlobalSection
	GlobalSection(ExtensibilityGlobals) = postSolution
		SolutionGuid = {8439055C-9E96-441C-AA43-DAE0926A6BA7}
	EndGlobalSection
EndGlobal
